// !$*UTF8*$!
{
	archiveVersion = 1;
	classes = {
	};
	objectVersion = 45;
	objects = {

/* Begin PBXBuildFile section */
		293A19631309622200E97454 /* CHLogging.h in Headers */ = {isa = PBXBuildFile; fileRef = 293A19621309622200E97454 /* CHLogging.h */; };
		293A196F1309643000E97454 /* UIApplication+Alerts.h in Headers */ = {isa = PBXBuildFile; fileRef = 293A196B1309643000E97454 /* UIApplication+Alerts.h */; };
		293A19701309643000E97454 /* UIApplication+Alerts.m in Sources */ = {isa = PBXBuildFile; fileRef = 293A196C1309643000E97454 /* UIApplication+Alerts.m */; };
		293A19711309643000E97454 /* UIApplication+Logging.h in Headers */ = {isa = PBXBuildFile; fileRef = 293A196D1309643000E97454 /* UIApplication+Logging.h */; };
		293A19721309643000E97454 /* UIApplication+Logging.m in Sources */ = {isa = PBXBuildFile; fileRef = 293A196E1309643000E97454 /* UIApplication+Logging.m */; };
		293A197E130966C700E97454 /* UIKit.framework in Frameworks */ = {isa = PBXBuildFile; fileRef = 293A197D130966C700E97454 /* UIKit.framework */; settings = {ATTRIBUTES = (Weak, ); }; };
		293A1B97130AE96300E97454 /* CHPDFDocument.h in Headers */ = {isa = PBXBuildFile; fileRef = 293A1B95130AE96300E97454 /* CHPDFDocument.h */; };
		293A1B98130AE96300E97454 /* CHPDFDocument.m in Sources */ = {isa = PBXBuildFile; fileRef = 293A1B96130AE96300E97454 /* CHPDFDocument.m */; };
		293A1BA0130AF6A500E97454 /* CoreGraphics.framework in Frameworks */ = {isa = PBXBuildFile; fileRef = 293A1B9F130AF6A500E97454 /* CoreGraphics.framework */; };
		293A1BC3130AF6B400E97454 /* QuartzCore.framework in Frameworks */ = {isa = PBXBuildFile; fileRef = 293A1BC2130AF6B400E97454 /* QuartzCore.framework */; };
		29DF14D1131009E40095F0C7 /* CHPDFPage.h in Headers */ = {isa = PBXBuildFile; fileRef = 29DF14CF131009E40095F0C7 /* CHPDFPage.h */; };
		29DF14D2131009E40095F0C7 /* CHPDFPage.m in Sources */ = {isa = PBXBuildFile; fileRef = 29DF14D0131009E40095F0C7 /* CHPDFPage.m */; };
		29DF14F313100D8B0095F0C7 /* NSStream+Host.h in Headers */ = {isa = PBXBuildFile; fileRef = 29DF14F113100D8B0095F0C7 /* NSStream+Host.h */; };
		29DF14F413100D8B0095F0C7 /* NSStream+Host.m in Sources */ = {isa = PBXBuildFile; fileRef = 29DF14F213100D8B0095F0C7 /* NSStream+Host.m */; };
		29DF14F713100DC40095F0C7 /* NSObject-Dispatch.h in Headers */ = {isa = PBXBuildFile; fileRef = 29DF14F513100DC40095F0C7 /* NSObject-Dispatch.h */; };
		29DF14F813100DC40095F0C7 /* NSObject-Dispatch.m in Sources */ = {isa = PBXBuildFile; fileRef = 29DF14F613100DC40095F0C7 /* NSObject-Dispatch.m */; };
		AA747D9F0F9514B9006C5449 /* ChaiOneUtils_Prefix.pch in Headers */ = {isa = PBXBuildFile; fileRef = AA747D9E0F9514B9006C5449 /* ChaiOneUtils_Prefix.pch */; };
		AACBBE4A0F95108600F1A2B1 /* Foundation.framework in Frameworks */ = {isa = PBXBuildFile; fileRef = AACBBE490F95108600F1A2B1 /* Foundation.framework */; };
/* End PBXBuildFile section */

/* Begin PBXFileReference section */
		293A19621309622200E97454 /* CHLogging.h */ = {isa = PBXFileReference; fileEncoding = 4; lastKnownFileType = sourcecode.c.h; path = CHLogging.h; sourceTree = "<group>"; };
		293A196B1309643000E97454 /* UIApplication+Alerts.h */ = {isa = PBXFileReference; fileEncoding = 4; lastKnownFileType = sourcecode.c.h; path = "UIApplication+Alerts.h"; sourceTree = "<group>"; };
		293A196C1309643000E97454 /* UIApplication+Alerts.m */ = {isa = PBXFileReference; fileEncoding = 4; lastKnownFileType = sourcecode.c.objc; path = "UIApplication+Alerts.m"; sourceTree = "<group>"; };
		293A196D1309643000E97454 /* UIApplication+Logging.h */ = {isa = PBXFileReference; fileEncoding = 4; lastKnownFileType = sourcecode.c.h; path = "UIApplication+Logging.h"; sourceTree = "<group>"; };
		293A196E1309643000E97454 /* UIApplication+Logging.m */ = {isa = PBXFileReference; fileEncoding = 4; lastKnownFileType = sourcecode.c.objc; path = "UIApplication+Logging.m"; sourceTree = "<group>"; };
		293A197D130966C700E97454 /* UIKit.framework */ = {isa = PBXFileReference; lastKnownFileType = wrapper.framework; name = UIKit.framework; path = System/Library/Frameworks/UIKit.framework; sourceTree = SDKROOT; };
		293A1B95130AE96300E97454 /* CHPDFDocument.h */ = {isa = PBXFileReference; fileEncoding = 4; lastKnownFileType = sourcecode.c.h; path = CHPDFDocument.h; sourceTree = "<group>"; };
		293A1B96130AE96300E97454 /* CHPDFDocument.m */ = {isa = PBXFileReference; fileEncoding = 4; lastKnownFileType = sourcecode.c.objc; path = CHPDFDocument.m; sourceTree = "<group>"; };
		293A1B9F130AF6A500E97454 /* CoreGraphics.framework */ = {isa = PBXFileReference; lastKnownFileType = wrapper.framework; name = CoreGraphics.framework; path = System/Library/Frameworks/CoreGraphics.framework; sourceTree = SDKROOT; };
		293A1BC2130AF6B400E97454 /* QuartzCore.framework */ = {isa = PBXFileReference; lastKnownFileType = wrapper.framework; name = QuartzCore.framework; path = System/Library/Frameworks/QuartzCore.framework; sourceTree = SDKROOT; };
		29DF14CF131009E40095F0C7 /* CHPDFPage.h */ = {isa = PBXFileReference; fileEncoding = 4; lastKnownFileType = sourcecode.c.h; path = CHPDFPage.h; sourceTree = "<group>"; };
		29DF14D0131009E40095F0C7 /* CHPDFPage.m */ = {isa = PBXFileReference; fileEncoding = 4; lastKnownFileType = sourcecode.c.objc; path = CHPDFPage.m; sourceTree = "<group>"; };
		29DF14F113100D8B0095F0C7 /* NSStream+Host.h */ = {isa = PBXFileReference; fileEncoding = 4; lastKnownFileType = sourcecode.c.h; path = "NSStream+Host.h"; sourceTree = "<group>"; };
		29DF14F213100D8B0095F0C7 /* NSStream+Host.m */ = {isa = PBXFileReference; fileEncoding = 4; lastKnownFileType = sourcecode.c.objc; path = "NSStream+Host.m"; sourceTree = "<group>"; };
		29DF14F513100DC40095F0C7 /* NSObject-Dispatch.h */ = {isa = PBXFileReference; fileEncoding = 4; lastKnownFileType = sourcecode.c.h; path = "NSObject-Dispatch.h"; sourceTree = "<group>"; };
		29DF14F613100DC40095F0C7 /* NSObject-Dispatch.m */ = {isa = PBXFileReference; fileEncoding = 4; lastKnownFileType = sourcecode.c.objc; path = "NSObject-Dispatch.m"; sourceTree = "<group>"; };
		AA747D9E0F9514B9006C5449 /* ChaiOneUtils_Prefix.pch */ = {isa = PBXFileReference; fileEncoding = 4; lastKnownFileType = sourcecode.c.h; path = ChaiOneUtils_Prefix.pch; sourceTree = SOURCE_ROOT; };
		AACBBE490F95108600F1A2B1 /* Foundation.framework */ = {isa = PBXFileReference; lastKnownFileType = wrapper.framework; name = Foundation.framework; path = System/Library/Frameworks/Foundation.framework; sourceTree = SDKROOT; };
		D2AAC07E0554694100DB518D /* libChaiOneUtils.a */ = {isa = PBXFileReference; explicitFileType = archive.ar; includeInIndex = 0; path = libChaiOneUtils.a; sourceTree = BUILT_PRODUCTS_DIR; };
/* End PBXFileReference section */

/* Begin PBXFrameworksBuildPhase section */
		D2AAC07C0554694100DB518D /* Frameworks */ = {
			isa = PBXFrameworksBuildPhase;
			buildActionMask = 2147483647;
			files = (
				AACBBE4A0F95108600F1A2B1 /* Foundation.framework in Frameworks */,
				293A197E130966C700E97454 /* UIKit.framework in Frameworks */,
				293A1BA0130AF6A500E97454 /* CoreGraphics.framework in Frameworks */,
				293A1BC3130AF6B400E97454 /* QuartzCore.framework in Frameworks */,
			);
			runOnlyForDeploymentPostprocessing = 0;
		};
/* End PBXFrameworksBuildPhase section */

/* Begin PBXGroup section */
		034768DFFF38A50411DB9C8B /* Products */ = {
			isa = PBXGroup;
			children = (
				D2AAC07E0554694100DB518D /* libChaiOneUtils.a */,
			);
			name = Products;
			sourceTree = "<group>";
		};
		0867D691FE84028FC02AAC07 /* ChaiOneUtils */ = {
			isa = PBXGroup;
			children = (
				293A1B92130AE92900E97454 /* PDF */,
				293A196A1309643000E97454 /* Categories */,
				293A19611309622200E97454 /* Logging */,
				08FB77AEFE84172EC02AAC07 /* Classes */,
				32C88DFF0371C24200C91783 /* Other Sources */,
				0867D69AFE84028FC02AAC07 /* Frameworks */,
				034768DFFF38A50411DB9C8B /* Products */,
			);
			name = ChaiOneUtils;
			sourceTree = "<group>";
		};
		0867D69AFE84028FC02AAC07 /* Frameworks */ = {
			isa = PBXGroup;
			children = (
				AACBBE490F95108600F1A2B1 /* Foundation.framework */,
				293A197D130966C700E97454 /* UIKit.framework */,
				293A1B9F130AF6A500E97454 /* CoreGraphics.framework */,
				293A1BC2130AF6B400E97454 /* QuartzCore.framework */,
			);
			name = Frameworks;
			sourceTree = "<group>";
		};
		08FB77AEFE84172EC02AAC07 /* Classes */ = {
			isa = PBXGroup;
			children = (
			);
			name = Classes;
			sourceTree = "<group>";
		};
		293A19611309622200E97454 /* Logging */ = {
			isa = PBXGroup;
			children = (
				293A19621309622200E97454 /* CHLogging.h */,
			);
			path = Logging;
			sourceTree = "<group>";
		};
		293A196A1309643000E97454 /* Categories */ = {
			isa = PBXGroup;
			children = (
				29DF14E213100D560095F0C7 /* NSObject */,
				29DF14E313100D5D0095F0C7 /* NSStream */,
				293A19DD130966F600E97454 /* UIApplication */,
			);
			path = Categories;
			sourceTree = "<group>";
		};
		293A19DD130966F600E97454 /* UIApplication */ = {
			isa = PBXGroup;
			children = (
				293A196B1309643000E97454 /* UIApplication+Alerts.h */,
				293A196C1309643000E97454 /* UIApplication+Alerts.m */,
				293A196D1309643000E97454 /* UIApplication+Logging.h */,
				293A196E1309643000E97454 /* UIApplication+Logging.m */,
			);
			name = UIApplication;
			sourceTree = "<group>";
		};
		293A1B92130AE92900E97454 /* PDF */ = {
			isa = PBXGroup;
			children = (
				293A1B95130AE96300E97454 /* CHPDFDocument.h */,
				293A1B96130AE96300E97454 /* CHPDFDocument.m */,
				29DF14CF131009E40095F0C7 /* CHPDFPage.h */,
				29DF14D0131009E40095F0C7 /* CHPDFPage.m */,
			);
			path = PDF;
			sourceTree = "<group>";
		};
		29DF14E213100D560095F0C7 /* NSObject */ = {
			isa = PBXGroup;
			children = (
				29DF14F513100DC40095F0C7 /* NSObject-Dispatch.h */,
				29DF14F613100DC40095F0C7 /* NSObject-Dispatch.m */,
			);
			name = NSObject;
			sourceTree = "<group>";
		};
		29DF14E313100D5D0095F0C7 /* NSStream */ = {
			isa = PBXGroup;
			children = (
				29DF14F113100D8B0095F0C7 /* NSStream+Host.h */,
				29DF14F213100D8B0095F0C7 /* NSStream+Host.m */,
			);
			name = NSStream;
			sourceTree = "<group>";
		};
		32C88DFF0371C24200C91783 /* Other Sources */ = {
			isa = PBXGroup;
			children = (
				AA747D9E0F9514B9006C5449 /* ChaiOneUtils_Prefix.pch */,
			);
			name = "Other Sources";
			sourceTree = "<group>";
		};
/* End PBXGroup section */

/* Begin PBXHeadersBuildPhase section */
		D2AAC07A0554694100DB518D /* Headers */ = {
			isa = PBXHeadersBuildPhase;
			buildActionMask = 2147483647;
			files = (
				AA747D9F0F9514B9006C5449 /* ChaiOneUtils_Prefix.pch in Headers */,
				293A19631309622200E97454 /* CHLogging.h in Headers */,
				293A196F1309643000E97454 /* UIApplication+Alerts.h in Headers */,
				293A19711309643000E97454 /* UIApplication+Logging.h in Headers */,
				293A1B97130AE96300E97454 /* CHPDFDocument.h in Headers */,
				29DF14D1131009E40095F0C7 /* CHPDFPage.h in Headers */,
				29DF14F313100D8B0095F0C7 /* NSStream+Host.h in Headers */,
				29DF14F713100DC40095F0C7 /* NSObject-Dispatch.h in Headers */,
			);
			runOnlyForDeploymentPostprocessing = 0;
		};
/* End PBXHeadersBuildPhase section */

/* Begin PBXNativeTarget section */
		D2AAC07D0554694100DB518D /* ChaiOneUtils */ = {
			isa = PBXNativeTarget;
			buildConfigurationList = 1DEB921E08733DC00010E9CD /* Build configuration list for PBXNativeTarget "ChaiOneUtils" */;
			buildPhases = (
				D2AAC07A0554694100DB518D /* Headers */,
				D2AAC07B0554694100DB518D /* Sources */,
				D2AAC07C0554694100DB518D /* Frameworks */,
			);
			buildRules = (
			);
			dependencies = (
			);
			name = ChaiOneUtils;
			productName = ChaiOneUtils;
			productReference = D2AAC07E0554694100DB518D /* libChaiOneUtils.a */;
			productType = "com.apple.product-type.library.static";
		};
/* End PBXNativeTarget section */

/* Begin PBXProject section */
		0867D690FE84028FC02AAC07 /* Project object */ = {
			isa = PBXProject;
			buildConfigurationList = 1DEB922208733DC00010E9CD /* Build configuration list for PBXProject "ChaiOneUtils" */;
			compatibilityVersion = "Xcode 3.1";
			developmentRegion = English;
			hasScannedForEncodings = 1;
			knownRegions = (
				English,
				Japanese,
				French,
				German,
			);
			mainGroup = 0867D691FE84028FC02AAC07 /* ChaiOneUtils */;
			productRefGroup = 034768DFFF38A50411DB9C8B /* Products */;
			projectDirPath = "";
			projectRoot = "";
			targets = (
				D2AAC07D0554694100DB518D /* ChaiOneUtils */,
			);
		};
/* End PBXProject section */

/* Begin PBXSourcesBuildPhase section */
		D2AAC07B0554694100DB518D /* Sources */ = {
			isa = PBXSourcesBuildPhase;
			buildActionMask = 2147483647;
			files = (
				293A19701309643000E97454 /* UIApplication+Alerts.m in Sources */,
				293A19721309643000E97454 /* UIApplication+Logging.m in Sources */,
				293A1B98130AE96300E97454 /* CHPDFDocument.m in Sources */,
				29DF14D2131009E40095F0C7 /* CHPDFPage.m in Sources */,
				29DF14F413100D8B0095F0C7 /* NSStream+Host.m in Sources */,
				29DF14F813100DC40095F0C7 /* NSObject-Dispatch.m in Sources */,
			);
			runOnlyForDeploymentPostprocessing = 0;
		};
/* End PBXSourcesBuildPhase section */

/* Begin XCBuildConfiguration section */
		1DEB921F08733DC00010E9CD /* Debug */ = {
			isa = XCBuildConfiguration;
			buildSettings = {
				ALWAYS_SEARCH_USER_PATHS = NO;
				ARCHS = "$(ARCHS_STANDARD_32_BIT)";
				COPY_PHASE_STRIP = NO;
				DSTROOT = /tmp/ChaiOneUtils.dst;
				GCC_DYNAMIC_NO_PIC = NO;
				GCC_ENABLE_FIX_AND_CONTINUE = YES;
				GCC_MODEL_TUNING = G5;
				GCC_OPTIMIZATION_LEVEL = 0;
				GCC_PRECOMPILE_PREFIX_HEADER = YES;
				GCC_PREFIX_HEADER = ChaiOneUtils_Prefix.pch;
				INSTALL_PATH = /usr/local/lib;
				PRODUCT_NAME = ChaiOneUtils;
			};
			name = Debug;
		};
		1DEB922008733DC00010E9CD /* Release */ = {
			isa = XCBuildConfiguration;
			buildSettings = {
				ALWAYS_SEARCH_USER_PATHS = NO;
				ARCHS = "$(ARCHS_STANDARD_32_BIT)";
				DSTROOT = /tmp/ChaiOneUtils.dst;
				GCC_MODEL_TUNING = G5;
				GCC_PRECOMPILE_PREFIX_HEADER = YES;
				GCC_PREFIX_HEADER = ChaiOneUtils_Prefix.pch;
				INSTALL_PATH = /usr/local/lib;
				PRODUCT_NAME = ChaiOneUtils;
			};
			name = Release;
		};
		1DEB922308733DC00010E9CD /* Debug */ = {
			isa = XCBuildConfiguration;
			buildSettings = {
				ARCHS = "$(ARCHS_STANDARD_32_BIT)";
				GCC_C_LANGUAGE_STANDARD = c99;
				GCC_OPTIMIZATION_LEVEL = 0;
				GCC_WARN_ABOUT_RETURN_TYPE = YES;
				GCC_WARN_UNUSED_VARIABLE = YES;
				IPHONEOS_DEPLOYMENT_TARGET = 3.1.3;
				OTHER_LDFLAGS = "-ObjC";
				PREBINDING = NO;
				SDKROOT = iphoneos;
			};
			name = Debug;
		};
		1DEB922408733DC00010E9CD /* Release */ = {
			isa = XCBuildConfiguration;
			buildSettings = {
				ARCHS = "$(ARCHS_STANDARD_32_BIT)";
				GCC_C_LANGUAGE_STANDARD = c99;
				GCC_WARN_ABOUT_RETURN_TYPE = YES;
				GCC_WARN_UNUSED_VARIABLE = YES;
				IPHONEOS_DEPLOYMENT_TARGET = 3.1.3;
				OTHER_LDFLAGS = "-ObjC";
				PREBINDING = NO;
				SDKROOT = iphoneos;
			};
			name = Release;
		};
/* End XCBuildConfiguration section */

/* Begin XCConfigurationList section */
		1DEB921E08733DC00010E9CD /* Build configuration list for PBXNativeTarget "ChaiOneUtils" */ = {
			isa = XCConfigurationList;
			buildConfigurations = (
				1DEB921F08733DC00010E9CD /* Debug */,
				1DEB922008733DC00010E9CD /* Release */,
			);
			defaultConfigurationIsVisible = 0;
			defaultConfigurationName = Release;
		};
		1DEB922208733DC00010E9CD /* Build configuration list for PBXProject "ChaiOneUtils" */ = {
			isa = XCConfigurationList;
			buildConfigurations = (
				1DEB922308733DC00010E9CD /* Debug */,
				1DEB922408733DC00010E9CD /* Release */,
			);
			defaultConfigurationIsVisible = 0;
			defaultConfigurationName = Release;
		};
/* End XCConfigurationList section */
	};
	rootObject = 0867D690FE84028FC02AAC07 /* Project object */;
}
