// !$*UTF8*$!
{
	archiveVersion = 1;
	classes = {
	};
	objectVersion = 46;
	objects = {

/* Begin PBXBuildFile section */
		293A197E130966C700E97454 /* UIKit.framework in Frameworks */ = {isa = PBXBuildFile; fileRef = 293A197D130966C700E97454 /* UIKit.framework */; settings = {ATTRIBUTES = (Weak, ); }; };
		293A1BA0130AF6A500E97454 /* CoreGraphics.framework in Frameworks */ = {isa = PBXBuildFile; fileRef = 293A1B9F130AF6A500E97454 /* CoreGraphics.framework */; };
		293A1BC3130AF6B400E97454 /* QuartzCore.framework in Frameworks */ = {isa = PBXBuildFile; fileRef = 293A1BC2130AF6B400E97454 /* QuartzCore.framework */; };
		AA747D9F0F9514B9006C5449 /* ChaiOneUtils_Prefix.pch in Headers */ = {isa = PBXBuildFile; fileRef = AA747D9E0F9514B9006C5449 /* ChaiOneUtils_Prefix.pch */; };
		AACBBE4A0F95108600F1A2B1 /* Foundation.framework in Frameworks */ = {isa = PBXBuildFile; fileRef = AACBBE490F95108600F1A2B1 /* Foundation.framework */; };
		B5EDFDDA14F73D0E00E2C5B7 /* CHDiskCache.h in Headers */ = {isa = PBXBuildFile; fileRef = B5EDFDD414F73D0E00E2C5B7 /* CHDiskCache.h */; settings = {ATTRIBUTES = (Public, ); }; };
		B5EDFDDB14F73D0E00E2C5B7 /* CHDiskCache.m in Sources */ = {isa = PBXBuildFile; fileRef = B5EDFDD514F73D0E00E2C5B7 /* CHDiskCache.m */; };
		B5EDFDDC14F73D0E00E2C5B7 /* CHPathHelpers.h in Headers */ = {isa = PBXBuildFile; fileRef = B5EDFDD614F73D0E00E2C5B7 /* CHPathHelpers.h */; settings = {ATTRIBUTES = (Public, ); }; };
		B5EDFDDD14F73D0E00E2C5B7 /* CHPathHelpers.m in Sources */ = {isa = PBXBuildFile; fileRef = B5EDFDD714F73D0E00E2C5B7 /* CHPathHelpers.m */; };
		B5EDFDDE14F73D0E00E2C5B7 /* CHReflectionHelpers.h in Headers */ = {isa = PBXBuildFile; fileRef = B5EDFDD814F73D0E00E2C5B7 /* CHReflectionHelpers.h */; settings = {ATTRIBUTES = (Public, ); }; };
		B5EDFDDF14F73D0E00E2C5B7 /* CHReflectionHelpers.m in Sources */ = {isa = PBXBuildFile; fileRef = B5EDFDD914F73D0E00E2C5B7 /* CHReflectionHelpers.m */; };
		B5EDFDE214F73D1B00E2C5B7 /* CHLogging.h in Headers */ = {isa = PBXBuildFile; fileRef = B5EDFDE014F73D1B00E2C5B7 /* CHLogging.h */; settings = {ATTRIBUTES = (Public, ); }; };
		B5EDFDE314F73D1B00E2C5B7 /* CHMath.h in Headers */ = {isa = PBXBuildFile; fileRef = B5EDFDE114F73D1B00E2C5B7 /* CHMath.h */; settings = {ATTRIBUTES = (Public, ); }; };
		B5EDFDF614F73D3300E2C5B7 /* NSArray+CHAdditions.h in Headers */ = {isa = PBXBuildFile; fileRef = B5EDFDE414F73D3300E2C5B7 /* NSArray+CHAdditions.h */; settings = {ATTRIBUTES = (Public, ); }; };
		B5EDFDF714F73D3300E2C5B7 /* NSArray+CHAdditions.m in Sources */ = {isa = PBXBuildFile; fileRef = B5EDFDE514F73D3300E2C5B7 /* NSArray+CHAdditions.m */; };
		B5EDFDF814F73D3300E2C5B7 /* NSArray+CHFunctionalAdditions.h in Headers */ = {isa = PBXBuildFile; fileRef = B5EDFDE614F73D3300E2C5B7 /* NSArray+CHFunctionalAdditions.h */; settings = {ATTRIBUTES = (Public, ); }; };
		B5EDFDF914F73D3300E2C5B7 /* NSArray+CHFunctionalAdditions.m in Sources */ = {isa = PBXBuildFile; fileRef = B5EDFDE714F73D3300E2C5B7 /* NSArray+CHFunctionalAdditions.m */; };
		B5EDFDFA14F73D3300E2C5B7 /* NSData+CHBase64Encoding.h in Headers */ = {isa = PBXBuildFile; fileRef = B5EDFDE814F73D3300E2C5B7 /* NSData+CHBase64Encoding.h */; settings = {ATTRIBUTES = (Public, ); }; };
		B5EDFDFB14F73D3300E2C5B7 /* NSData+CHBase64Encoding.m in Sources */ = {isa = PBXBuildFile; fileRef = B5EDFDE914F73D3300E2C5B7 /* NSData+CHBase64Encoding.m */; };
		B5EDFDFC14F73D3300E2C5B7 /* NSDate+CHAdditions.h in Headers */ = {isa = PBXBuildFile; fileRef = B5EDFDEA14F73D3300E2C5B7 /* NSDate+CHAdditions.h */; settings = {ATTRIBUTES = (Public, ); }; };
		B5EDFDFD14F73D3300E2C5B7 /* NSDate+CHAdditions.m in Sources */ = {isa = PBXBuildFile; fileRef = B5EDFDEB14F73D3300E2C5B7 /* NSDate+CHAdditions.m */; };
		B5EDFDFE14F73D3300E2C5B7 /* NSStream+Host.h in Headers */ = {isa = PBXBuildFile; fileRef = B5EDFDEC14F73D3300E2C5B7 /* NSStream+Host.h */; settings = {ATTRIBUTES = (Public, ); }; };
		B5EDFDFF14F73D3300E2C5B7 /* NSStream+Host.m in Sources */ = {isa = PBXBuildFile; fileRef = B5EDFDED14F73D3300E2C5B7 /* NSStream+Host.m */; };
		B5EDFE0014F73D3300E2C5B7 /* NSString+CHAdditions.h in Headers */ = {isa = PBXBuildFile; fileRef = B5EDFDEE14F73D3300E2C5B7 /* NSString+CHAdditions.h */; settings = {ATTRIBUTES = (Public, ); }; };
		B5EDFE0114F73D3300E2C5B7 /* NSString+CHAdditions.m in Sources */ = {isa = PBXBuildFile; fileRef = B5EDFDEF14F73D3300E2C5B7 /* NSString+CHAdditions.m */; };
		B5EDFE0214F73D3300E2C5B7 /* NSURL+CHAdditions.h in Headers */ = {isa = PBXBuildFile; fileRef = B5EDFDF014F73D3300E2C5B7 /* NSURL+CHAdditions.h */; settings = {ATTRIBUTES = (Public, ); }; };
		B5EDFE0314F73D3300E2C5B7 /* NSURL+CHAdditions.m in Sources */ = {isa = PBXBuildFile; fileRef = B5EDFDF114F73D3300E2C5B7 /* NSURL+CHAdditions.m */; };
		B5EDFE0414F73D3300E2C5B7 /* UIApplication+Alerts.h in Headers */ = {isa = PBXBuildFile; fileRef = B5EDFDF214F73D3300E2C5B7 /* UIApplication+Alerts.h */; settings = {ATTRIBUTES = (Public, ); }; };
		B5EDFE0514F73D3300E2C5B7 /* UIApplication+Alerts.m in Sources */ = {isa = PBXBuildFile; fileRef = B5EDFDF314F73D3300E2C5B7 /* UIApplication+Alerts.m */; };
		B5EDFE0614F73D3300E2C5B7 /* UIApplication+Logging.h in Headers */ = {isa = PBXBuildFile; fileRef = B5EDFDF414F73D3300E2C5B7 /* UIApplication+Logging.h */; settings = {ATTRIBUTES = (Public, ); }; };
		B5EDFE0714F73D3300E2C5B7 /* UIApplication+Logging.m in Sources */ = {isa = PBXBuildFile; fileRef = B5EDFDF514F73D3300E2C5B7 /* UIApplication+Logging.m */; };
		B5EDFE0A14F73D3F00E2C5B7 /* CHPDFPage.h in Headers */ = {isa = PBXBuildFile; fileRef = B5EDFE0814F73D3F00E2C5B7 /* CHPDFPage.h */; settings = {ATTRIBUTES = (Public, ); }; };
		B5EDFE0B14F73D3F00E2C5B7 /* CHPDFPage.m in Sources */ = {isa = PBXBuildFile; fileRef = B5EDFE0914F73D3F00E2C5B7 /* CHPDFPage.m */; };
		B5EDFE0E14F73D4500E2C5B7 /* CHPDFDocument.h in Headers */ = {isa = PBXBuildFile; fileRef = B5EDFE0C14F73D4500E2C5B7 /* CHPDFDocument.h */; settings = {ATTRIBUTES = (Public, ); }; };
		B5EDFE0F14F73D4500E2C5B7 /* CHPDFDocument.m in Sources */ = {isa = PBXBuildFile; fileRef = B5EDFE0D14F73D4500E2C5B7 /* CHPDFDocument.m */; };
/* End PBXBuildFile section */

/* Begin PBXFileReference section */
		293A197D130966C700E97454 /* UIKit.framework */ = {isa = PBXFileReference; lastKnownFileType = wrapper.framework; name = UIKit.framework; path = System/Library/Frameworks/UIKit.framework; sourceTree = SDKROOT; };
		293A1B9F130AF6A500E97454 /* CoreGraphics.framework */ = {isa = PBXFileReference; lastKnownFileType = wrapper.framework; name = CoreGraphics.framework; path = System/Library/Frameworks/CoreGraphics.framework; sourceTree = SDKROOT; };
		293A1BC2130AF6B400E97454 /* QuartzCore.framework */ = {isa = PBXFileReference; lastKnownFileType = wrapper.framework; name = QuartzCore.framework; path = System/Library/Frameworks/QuartzCore.framework; sourceTree = SDKROOT; };
		AA747D9E0F9514B9006C5449 /* ChaiOneUtils_Prefix.pch */ = {isa = PBXFileReference; fileEncoding = 4; lastKnownFileType = sourcecode.c.h; path = ChaiOneUtils_Prefix.pch; sourceTree = SOURCE_ROOT; };
		AACBBE490F95108600F1A2B1 /* Foundation.framework */ = {isa = PBXFileReference; lastKnownFileType = wrapper.framework; name = Foundation.framework; path = System/Library/Frameworks/Foundation.framework; sourceTree = SDKROOT; };
		B5EDFDD414F73D0E00E2C5B7 /* CHDiskCache.h */ = {isa = PBXFileReference; fileEncoding = 4; lastKnownFileType = sourcecode.c.h; name = CHDiskCache.h; path = Classes/CHDiskCache.h; sourceTree = "<group>"; };
		B5EDFDD514F73D0E00E2C5B7 /* CHDiskCache.m */ = {isa = PBXFileReference; fileEncoding = 4; lastKnownFileType = sourcecode.c.objc; name = CHDiskCache.m; path = Classes/CHDiskCache.m; sourceTree = "<group>"; };
		B5EDFDD614F73D0E00E2C5B7 /* CHPathHelpers.h */ = {isa = PBXFileReference; fileEncoding = 4; lastKnownFileType = sourcecode.c.h; name = CHPathHelpers.h; path = Classes/CHPathHelpers.h; sourceTree = "<group>"; };
		B5EDFDD714F73D0E00E2C5B7 /* CHPathHelpers.m */ = {isa = PBXFileReference; fileEncoding = 4; lastKnownFileType = sourcecode.c.objc; name = CHPathHelpers.m; path = Classes/CHPathHelpers.m; sourceTree = "<group>"; };
		B5EDFDD814F73D0E00E2C5B7 /* CHReflectionHelpers.h */ = {isa = PBXFileReference; fileEncoding = 4; lastKnownFileType = sourcecode.c.h; name = CHReflectionHelpers.h; path = Classes/CHReflectionHelpers.h; sourceTree = "<group>"; };
		B5EDFDD914F73D0E00E2C5B7 /* CHReflectionHelpers.m */ = {isa = PBXFileReference; fileEncoding = 4; lastKnownFileType = sourcecode.c.objc; name = CHReflectionHelpers.m; path = Classes/CHReflectionHelpers.m; sourceTree = "<group>"; };
		B5EDFDE014F73D1B00E2C5B7 /* CHLogging.h */ = {isa = PBXFileReference; fileEncoding = 4; lastKnownFileType = sourcecode.c.h; name = CHLogging.h; path = Classes/CHLogging.h; sourceTree = SOURCE_ROOT; };
		B5EDFDE114F73D1B00E2C5B7 /* CHMath.h */ = {isa = PBXFileReference; fileEncoding = 4; lastKnownFileType = sourcecode.c.h; name = CHMath.h; path = Classes/CHMath.h; sourceTree = SOURCE_ROOT; };
		B5EDFDE414F73D3300E2C5B7 /* NSArray+CHAdditions.h */ = {isa = PBXFileReference; fileEncoding = 4; lastKnownFileType = sourcecode.c.h; name = "NSArray+CHAdditions.h"; path = "Classes/NSArray+CHAdditions.h"; sourceTree = SOURCE_ROOT; };
		B5EDFDE514F73D3300E2C5B7 /* NSArray+CHAdditions.m */ = {isa = PBXFileReference; fileEncoding = 4; lastKnownFileType = sourcecode.c.objc; name = "NSArray+CHAdditions.m"; path = "Classes/NSArray+CHAdditions.m"; sourceTree = SOURCE_ROOT; };
		B5EDFDE614F73D3300E2C5B7 /* NSArray+CHFunctionalAdditions.h */ = {isa = PBXFileReference; fileEncoding = 4; lastKnownFileType = sourcecode.c.h; name = "NSArray+CHFunctionalAdditions.h"; path = "Classes/NSArray+CHFunctionalAdditions.h"; sourceTree = SOURCE_ROOT; };
		B5EDFDE714F73D3300E2C5B7 /* NSArray+CHFunctionalAdditions.m */ = {isa = PBXFileReference; fileEncoding = 4; lastKnownFileType = sourcecode.c.objc; name = "NSArray+CHFunctionalAdditions.m"; path = "Classes/NSArray+CHFunctionalAdditions.m"; sourceTree = SOURCE_ROOT; };
		B5EDFDE814F73D3300E2C5B7 /* NSData+CHBase64Encoding.h */ = {isa = PBXFileReference; fileEncoding = 4; lastKnownFileType = sourcecode.c.h; name = "NSData+CHBase64Encoding.h"; path = "Classes/NSData+CHBase64Encoding.h"; sourceTree = SOURCE_ROOT; };
		B5EDFDE914F73D3300E2C5B7 /* NSData+CHBase64Encoding.m */ = {isa = PBXFileReference; fileEncoding = 4; lastKnownFileType = sourcecode.c.objc; name = "NSData+CHBase64Encoding.m"; path = "Classes/NSData+CHBase64Encoding.m"; sourceTree = SOURCE_ROOT; };
		B5EDFDEA14F73D3300E2C5B7 /* NSDate+CHAdditions.h */ = {isa = PBXFileReference; fileEncoding = 4; lastKnownFileType = sourcecode.c.h; name = "NSDate+CHAdditions.h"; path = "Classes/NSDate+CHAdditions.h"; sourceTree = SOURCE_ROOT; };
		B5EDFDEB14F73D3300E2C5B7 /* NSDate+CHAdditions.m */ = {isa = PBXFileReference; fileEncoding = 4; lastKnownFileType = sourcecode.c.objc; name = "NSDate+CHAdditions.m"; path = "Classes/NSDate+CHAdditions.m"; sourceTree = SOURCE_ROOT; };
		B5EDFDEC14F73D3300E2C5B7 /* NSStream+Host.h */ = {isa = PBXFileReference; fileEncoding = 4; lastKnownFileType = sourcecode.c.h; name = "NSStream+Host.h"; path = "Classes/NSStream+Host.h"; sourceTree = SOURCE_ROOT; };
		B5EDFDED14F73D3300E2C5B7 /* NSStream+Host.m */ = {isa = PBXFileReference; fileEncoding = 4; lastKnownFileType = sourcecode.c.objc; name = "NSStream+Host.m"; path = "Classes/NSStream+Host.m"; sourceTree = SOURCE_ROOT; };
		B5EDFDEE14F73D3300E2C5B7 /* NSString+CHAdditions.h */ = {isa = PBXFileReference; fileEncoding = 4; lastKnownFileType = sourcecode.c.h; name = "NSString+CHAdditions.h"; path = "Classes/NSString+CHAdditions.h"; sourceTree = SOURCE_ROOT; };
		B5EDFDEF14F73D3300E2C5B7 /* NSString+CHAdditions.m */ = {isa = PBXFileReference; fileEncoding = 4; lastKnownFileType = sourcecode.c.objc; name = "NSString+CHAdditions.m"; path = "Classes/NSString+CHAdditions.m"; sourceTree = SOURCE_ROOT; };
		B5EDFDF014F73D3300E2C5B7 /* NSURL+CHAdditions.h */ = {isa = PBXFileReference; fileEncoding = 4; lastKnownFileType = sourcecode.c.h; name = "NSURL+CHAdditions.h"; path = "Classes/NSURL+CHAdditions.h"; sourceTree = SOURCE_ROOT; };
		B5EDFDF114F73D3300E2C5B7 /* NSURL+CHAdditions.m */ = {isa = PBXFileReference; fileEncoding = 4; lastKnownFileType = sourcecode.c.objc; name = "NSURL+CHAdditions.m"; path = "Classes/NSURL+CHAdditions.m"; sourceTree = SOURCE_ROOT; };
		B5EDFDF214F73D3300E2C5B7 /* UIApplication+Alerts.h */ = {isa = PBXFileReference; fileEncoding = 4; lastKnownFileType = sourcecode.c.h; name = "UIApplication+Alerts.h"; path = "Classes/UIApplication+Alerts.h"; sourceTree = SOURCE_ROOT; };
		B5EDFDF314F73D3300E2C5B7 /* UIApplication+Alerts.m */ = {isa = PBXFileReference; fileEncoding = 4; lastKnownFileType = sourcecode.c.objc; name = "UIApplication+Alerts.m"; path = "Classes/UIApplication+Alerts.m"; sourceTree = SOURCE_ROOT; };
		B5EDFDF414F73D3300E2C5B7 /* UIApplication+Logging.h */ = {isa = PBXFileReference; fileEncoding = 4; lastKnownFileType = sourcecode.c.h; name = "UIApplication+Logging.h"; path = "Classes/UIApplication+Logging.h"; sourceTree = SOURCE_ROOT; };
		B5EDFDF514F73D3300E2C5B7 /* UIApplication+Logging.m */ = {isa = PBXFileReference; fileEncoding = 4; lastKnownFileType = sourcecode.c.objc; name = "UIApplication+Logging.m"; path = "Classes/UIApplication+Logging.m"; sourceTree = SOURCE_ROOT; };
		B5EDFE0814F73D3F00E2C5B7 /* CHPDFPage.h */ = {isa = PBXFileReference; fileEncoding = 4; lastKnownFileType = sourcecode.c.h; name = CHPDFPage.h; path = Classes/CHPDFPage.h; sourceTree = SOURCE_ROOT; };
		B5EDFE0914F73D3F00E2C5B7 /* CHPDFPage.m */ = {isa = PBXFileReference; fileEncoding = 4; lastKnownFileType = sourcecode.c.objc; name = CHPDFPage.m; path = Classes/CHPDFPage.m; sourceTree = SOURCE_ROOT; };
		B5EDFE0C14F73D4500E2C5B7 /* CHPDFDocument.h */ = {isa = PBXFileReference; fileEncoding = 4; lastKnownFileType = sourcecode.c.h; name = CHPDFDocument.h; path = Classes/CHPDFDocument.h; sourceTree = SOURCE_ROOT; };
		B5EDFE0D14F73D4500E2C5B7 /* CHPDFDocument.m */ = {isa = PBXFileReference; fileEncoding = 4; lastKnownFileType = sourcecode.c.objc; name = CHPDFDocument.m; path = Classes/CHPDFDocument.m; sourceTree = SOURCE_ROOT; };
		D2AAC07E0554694100DB518D /* libChaiOneUtils.a */ = {isa = PBXFileReference; explicitFileType = archive.ar; includeInIndex = 0; path = libChaiOneUtils.a; sourceTree = BUILT_PRODUCTS_DIR; };
/* End PBXFileReference section */

/* Begin PBXFrameworksBuildPhase section */
		D2AAC07C0554694100DB518D /* Frameworks */ = {
			isa = PBXFrameworksBuildPhase;
			buildActionMask = 2147483647;
			files = (
				AACBBE4A0F95108600F1A2B1 /* Foundation.framework in Frameworks */,
				293A197E130966C700E97454 /* UIKit.framework in Frameworks */,
				293A1BA0130AF6A500E97454 /* CoreGraphics.framework in Frameworks */,
				293A1BC3130AF6B400E97454 /* QuartzCore.framework in Frameworks */,
			);
			runOnlyForDeploymentPostprocessing = 0;
		};
/* End PBXFrameworksBuildPhase section */

/* Begin PBXGroup section */
		034768DFFF38A50411DB9C8B /* Products */ = {
			isa = PBXGroup;
			children = (
				D2AAC07E0554694100DB518D /* libChaiOneUtils.a */,
			);
			name = Products;
			sourceTree = "<group>";
		};
		0867D691FE84028FC02AAC07 /* ChaiOneUtils */ = {
			isa = PBXGroup;
			children = (
				293A1B92130AE92900E97454 /* PDF */,
				293A196A1309643000E97454 /* Categories */,
				293A19611309622200E97454 /* Macros */,
				08FB77AEFE84172EC02AAC07 /* Classes */,
				32C88DFF0371C24200C91783 /* Other Sources */,
				0867D69AFE84028FC02AAC07 /* Frameworks */,
				034768DFFF38A50411DB9C8B /* Products */,
			);
			name = ChaiOneUtils;
			sourceTree = "<group>";
		};
		0867D69AFE84028FC02AAC07 /* Frameworks */ = {
			isa = PBXGroup;
			children = (
				AACBBE490F95108600F1A2B1 /* Foundation.framework */,
				293A197D130966C700E97454 /* UIKit.framework */,
				293A1B9F130AF6A500E97454 /* CoreGraphics.framework */,
				293A1BC2130AF6B400E97454 /* QuartzCore.framework */,
			);
			name = Frameworks;
			sourceTree = "<group>";
		};
		08FB77AEFE84172EC02AAC07 /* Classes */ = {
			isa = PBXGroup;
			children = (
				B5EDFDD414F73D0E00E2C5B7 /* CHDiskCache.h */,
				B5EDFDD514F73D0E00E2C5B7 /* CHDiskCache.m */,
				B5EDFDD614F73D0E00E2C5B7 /* CHPathHelpers.h */,
				B5EDFDD714F73D0E00E2C5B7 /* CHPathHelpers.m */,
				B5EDFDD814F73D0E00E2C5B7 /* CHReflectionHelpers.h */,
				B5EDFDD914F73D0E00E2C5B7 /* CHReflectionHelpers.m */,
			);
			name = Classes;
			sourceTree = "<group>";
		};
		293A19611309622200E97454 /* Macros */ = {
			isa = PBXGroup;
			children = (
				B5EDFDE014F73D1B00E2C5B7 /* CHLogging.h */,
				B5EDFDE114F73D1B00E2C5B7 /* CHMath.h */,
			);
			name = Macros;
			path = Logging;
			sourceTree = "<group>";
		};
		293A196A1309643000E97454 /* Categories */ = {
			isa = PBXGroup;
			children = (
				B5EDFDE414F73D3300E2C5B7 /* NSArray+CHAdditions.h */,
				B5EDFDE514F73D3300E2C5B7 /* NSArray+CHAdditions.m */,
				B5EDFDE614F73D3300E2C5B7 /* NSArray+CHFunctionalAdditions.h */,
				B5EDFDE714F73D3300E2C5B7 /* NSArray+CHFunctionalAdditions.m */,
				B5EDFDE814F73D3300E2C5B7 /* NSData+CHBase64Encoding.h */,
				B5EDFDE914F73D3300E2C5B7 /* NSData+CHBase64Encoding.m */,
				B5EDFDEA14F73D3300E2C5B7 /* NSDate+CHAdditions.h */,
				B5EDFDEB14F73D3300E2C5B7 /* NSDate+CHAdditions.m */,
				B5EDFDEC14F73D3300E2C5B7 /* NSStream+Host.h */,
				B5EDFDED14F73D3300E2C5B7 /* NSStream+Host.m */,
				B5EDFDEE14F73D3300E2C5B7 /* NSString+CHAdditions.h */,
				B5EDFDEF14F73D3300E2C5B7 /* NSString+CHAdditions.m */,
				B5EDFDF014F73D3300E2C5B7 /* NSURL+CHAdditions.h */,
				B5EDFDF114F73D3300E2C5B7 /* NSURL+CHAdditions.m */,
				B5EDFDF214F73D3300E2C5B7 /* UIApplication+Alerts.h */,
				B5EDFDF314F73D3300E2C5B7 /* UIApplication+Alerts.m */,
				B5EDFDF414F73D3300E2C5B7 /* UIApplication+Logging.h */,
				B5EDFDF514F73D3300E2C5B7 /* UIApplication+Logging.m */,
			);
			path = Categories;
			sourceTree = "<group>";
		};
		293A1B92130AE92900E97454 /* PDF */ = {
			isa = PBXGroup;
			children = (
				B5EDFE0814F73D3F00E2C5B7 /* CHPDFPage.h */,
				B5EDFE0914F73D3F00E2C5B7 /* CHPDFPage.m */,
				B5EDFE0C14F73D4500E2C5B7 /* CHPDFDocument.h */,
				B5EDFE0D14F73D4500E2C5B7 /* CHPDFDocument.m */,
			);
			path = PDF;
			sourceTree = "<group>";
		};
		32C88DFF0371C24200C91783 /* Other Sources */ = {
			isa = PBXGroup;
			children = (
				AA747D9E0F9514B9006C5449 /* ChaiOneUtils_Prefix.pch */,
			);
			name = "Other Sources";
			sourceTree = "<group>";
		};
/* End PBXGroup section */

/* Begin PBXHeadersBuildPhase section */
		D2AAC07A0554694100DB518D /* Headers */ = {
			isa = PBXHeadersBuildPhase;
			buildActionMask = 2147483647;
			files = (
				B5EDFDDA14F73D0E00E2C5B7 /* CHDiskCache.h in Headers */,
				B5EDFDDC14F73D0E00E2C5B7 /* CHPathHelpers.h in Headers */,
				B5EDFDDE14F73D0E00E2C5B7 /* CHReflectionHelpers.h in Headers */,
				B5EDFDE214F73D1B00E2C5B7 /* CHLogging.h in Headers */,
				B5EDFDE314F73D1B00E2C5B7 /* CHMath.h in Headers */,
				B5EDFDF614F73D3300E2C5B7 /* NSArray+CHAdditions.h in Headers */,
				B5EDFDF814F73D3300E2C5B7 /* NSArray+CHFunctionalAdditions.h in Headers */,
				B5EDFDFA14F73D3300E2C5B7 /* NSData+CHBase64Encoding.h in Headers */,
				B5EDFDFC14F73D3300E2C5B7 /* NSDate+CHAdditions.h in Headers */,
				B5EDFDFE14F73D3300E2C5B7 /* NSStream+Host.h in Headers */,
				B5EDFE0014F73D3300E2C5B7 /* NSString+CHAdditions.h in Headers */,
				B5EDFE0214F73D3300E2C5B7 /* NSURL+CHAdditions.h in Headers */,
				B5EDFE0414F73D3300E2C5B7 /* UIApplication+Alerts.h in Headers */,
				B5EDFE0614F73D3300E2C5B7 /* UIApplication+Logging.h in Headers */,
				B5EDFE0A14F73D3F00E2C5B7 /* CHPDFPage.h in Headers */,
				B5EDFE0E14F73D4500E2C5B7 /* CHPDFDocument.h in Headers */,
				AA747D9F0F9514B9006C5449 /* ChaiOneUtils_Prefix.pch in Headers */,
			);
			runOnlyForDeploymentPostprocessing = 0;
		};
/* End PBXHeadersBuildPhase section */

/* Begin PBXNativeTarget section */
		D2AAC07D0554694100DB518D /* ChaiOneUtils */ = {
			isa = PBXNativeTarget;
			buildConfigurationList = 1DEB921E08733DC00010E9CD /* Build configuration list for PBXNativeTarget "ChaiOneUtils" */;
			buildPhases = (
				D2AAC07A0554694100DB518D /* Headers */,
				D2AAC07B0554694100DB518D /* Sources */,
				D2AAC07C0554694100DB518D /* Frameworks */,
			);
			buildRules = (
			);
			dependencies = (
			);
			name = ChaiOneUtils;
			productName = ChaiOneUtils;
			productReference = D2AAC07E0554694100DB518D /* libChaiOneUtils.a */;
			productType = "com.apple.product-type.library.static";
		};
/* End PBXNativeTarget section */

/* Begin PBXProject section */
		0867D690FE84028FC02AAC07 /* Project object */ = {
			isa = PBXProject;
			attributes = {
				LastUpgradeCheck = 0420;
			};
			buildConfigurationList = 1DEB922208733DC00010E9CD /* Build configuration list for PBXProject "ChaiOneUtils" */;
			compatibilityVersion = "Xcode 3.2";
			developmentRegion = English;
			hasScannedForEncodings = 1;
			knownRegions = (
				English,
				Japanese,
				French,
				German,
			);
			mainGroup = 0867D691FE84028FC02AAC07 /* ChaiOneUtils */;
			productRefGroup = 034768DFFF38A50411DB9C8B /* Products */;
			projectDirPath = "";
			projectRoot = "";
			targets = (
				D2AAC07D0554694100DB518D /* ChaiOneUtils */,
			);
		};
/* End PBXProject section */

/* Begin PBXSourcesBuildPhase section */
		D2AAC07B0554694100DB518D /* Sources */ = {
			isa = PBXSourcesBuildPhase;
			buildActionMask = 2147483647;
			files = (
				B5EDFDDB14F73D0E00E2C5B7 /* CHDiskCache.m in Sources */,
				B5EDFDDD14F73D0E00E2C5B7 /* CHPathHelpers.m in Sources */,
				B5EDFDDF14F73D0E00E2C5B7 /* CHReflectionHelpers.m in Sources */,
				B5EDFDF714F73D3300E2C5B7 /* NSArray+CHAdditions.m in Sources */,
				B5EDFDF914F73D3300E2C5B7 /* NSArray+CHFunctionalAdditions.m in Sources */,
				B5EDFDFB14F73D3300E2C5B7 /* NSData+CHBase64Encoding.m in Sources */,
				B5EDFDFD14F73D3300E2C5B7 /* NSDate+CHAdditions.m in Sources */,
				B5EDFDFF14F73D3300E2C5B7 /* NSStream+Host.m in Sources */,
				B5EDFE0114F73D3300E2C5B7 /* NSString+CHAdditions.m in Sources */,
				B5EDFE0314F73D3300E2C5B7 /* NSURL+CHAdditions.m in Sources */,
				B5EDFE0514F73D3300E2C5B7 /* UIApplication+Alerts.m in Sources */,
				B5EDFE0714F73D3300E2C5B7 /* UIApplication+Logging.m in Sources */,
				B5EDFE0B14F73D3F00E2C5B7 /* CHPDFPage.m in Sources */,
				B5EDFE0F14F73D4500E2C5B7 /* CHPDFDocument.m in Sources */,
			);
			runOnlyForDeploymentPostprocessing = 0;
		};
/* End PBXSourcesBuildPhase section */

/* Begin XCBuildConfiguration section */
		1DEB921F08733DC00010E9CD /* Debug */ = {
			isa = XCBuildConfiguration;
			buildSettings = {
				ALWAYS_SEARCH_USER_PATHS = NO;
				ARCHS = (
					armv6,
					"$(ARCHS_STANDARD_32_BIT)",
				);
				COPY_PHASE_STRIP = NO;
				DSTROOT = /tmp/ChaiOneUtils.dst;
				GCC_DYNAMIC_NO_PIC = NO;
				GCC_MODEL_TUNING = G5;
				GCC_OPTIMIZATION_LEVEL = 0;
				GCC_PRECOMPILE_PREFIX_HEADER = YES;
				GCC_PREFIX_HEADER = ChaiOneUtils_Prefix.pch;
				GCC_PREPROCESSOR_DEFINITIONS = DEBUG;
				INSTALL_PATH = /usr/local/lib;
				PRODUCT_NAME = ChaiOneUtils;
				SKIP_INSTALL = YES;
			};
			name = Debug;
		};
		1DEB922008733DC00010E9CD /* Release */ = {
			isa = XCBuildConfiguration;
			buildSettings = {
				ALWAYS_SEARCH_USER_PATHS = NO;
				ARCHS = (
					armv6,
					"$(ARCHS_STANDARD_32_BIT)",
				);
				DSTROOT = /tmp/ChaiOneUtils.dst;
				GCC_MODEL_TUNING = G5;
				GCC_PRECOMPILE_PREFIX_HEADER = YES;
				GCC_PREFIX_HEADER = ChaiOneUtils_Prefix.pch;
				INSTALL_PATH = /usr/local/lib;
				PRODUCT_NAME = ChaiOneUtils;
				SKIP_INSTALL = YES;
			};
			name = Release;
		};
		1DEB922308733DC00010E9CD /* Debug */ = {
			isa = XCBuildConfiguration;
			buildSettings = {
				ARCHS = (
					armv7,
					i386,
					armv6,
				);
				GCC_C_LANGUAGE_STANDARD = c99;
				GCC_OPTIMIZATION_LEVEL = 0;
				GCC_VERSION = com.apple.compilers.llvm.clang.1_0;
				GCC_WARN_ABOUT_RETURN_TYPE = YES;
				GCC_WARN_UNUSED_VARIABLE = YES;
				IPHONEOS_DEPLOYMENT_TARGET = 3.1.3;
				OTHER_LDFLAGS = "-ObjC";
				PUBLIC_HEADERS_FOLDER_PATH = Headers;
				SDKROOT = iphoneos;
				SKIP_INSTALL = YES;
			};
			name = Debug;
		};
		1DEB922408733DC00010E9CD /* Release */ = {
			isa = XCBuildConfiguration;
			buildSettings = {
				ARCHS = (
					armv7,
					i386,
					armv6,
				);
				GCC_C_LANGUAGE_STANDARD = c99;
				GCC_VERSION = com.apple.compilers.llvm.clang.1_0;
				GCC_WARN_ABOUT_RETURN_TYPE = YES;
				GCC_WARN_UNUSED_VARIABLE = YES;
				IPHONEOS_DEPLOYMENT_TARGET = 3.1.3;
				OTHER_LDFLAGS = "-ObjC";
				PUBLIC_HEADERS_FOLDER_PATH = Headers;
				SDKROOT = iphoneos;
			};
			name = Release;
		};
/* End XCBuildConfiguration section */

/* Begin XCConfigurationList section */
		1DEB921E08733DC00010E9CD /* Build configuration list for PBXNativeTarget "ChaiOneUtils" */ = {
			isa = XCConfigurationList;
			buildConfigurations = (
				1DEB921F08733DC00010E9CD /* Debug */,
				1DEB922008733DC00010E9CD /* Release */,
			);
			defaultConfigurationIsVisible = 0;
			defaultConfigurationName = Release;
		};
		1DEB922208733DC00010E9CD /* Build configuration list for PBXProject "ChaiOneUtils" */ = {
			isa = XCConfigurationList;
			buildConfigurations = (
				1DEB922308733DC00010E9CD /* Debug */,
				1DEB922408733DC00010E9CD /* Release */,
			);
			defaultConfigurationIsVisible = 0;
			defaultConfigurationName = Release;
		};
/* End XCConfigurationList section */
	};
	rootObject = 0867D690FE84028FC02AAC07 /* Project object */;
}
